
Microsoft Visual Studio Solution File, Format Version 12.00
# Visual Studio Version 17
VisualStudioVersion = 17.1.32328.378
MinimumVisualStudioVersion = 10.0.40219.1
Project("{9A19103F-16F7-4668-BE54-9A1E7A4F7556}") = "SearchBot.Telegram.Api", "SearchBot.Telegram.Api\SearchBot.Telegram.Api.csproj", "{57833FDF-5583-4134-A34C-34884E9BD7B4}"
EndProject
Project("{9A19103F-16F7-4668-BE54-9A1E7A4F7556}") = "SearchBot.Telegram.Data", "SearchBot.Telegram.Data\SearchBot.Telegram.Data.csproj", "{2048BC8F-BAC0-4F65-BC5A-24C82CB71116}"
EndProject
Global
	GlobalSection(SolutionConfigurationPlatforms) = preSolution
		Debug|Any CPU = Debug|Any CPU
		Release|Any CPU = Release|Any CPU
	EndGlobalSection
	GlobalSection(ProjectConfigurationPlatforms) = postSolution
		{57833FDF-5583-4134-A34C-34884E9BD7B4}.Debug|Any CPU.ActiveCfg = Debug|Any CPU
		{57833FDF-5583-4134-A34C-34884E9BD7B4}.Debug|Any CPU.Build.0 = Debug|Any CPU
		{57833FDF-5583-4134-A34C-34884E9BD7B4}.Release|Any CPU.ActiveCfg = Release|Any CPU
		{57833FDF-5583-4134-A34C-34884E9BD7B4}.Release|Any CPU.Build.0 = Release|Any CPU
		{2048BC8F-BAC0-4F65-BC5A-24C82CB71116}.Debug|Any CPU.ActiveCfg = Debug|Any CPU
		{2048BC8F-BAC0-4F65-BC5A-24C82CB71116}.Debug|Any CPU.Build.0 = Debug|Any CPU
		{2048BC8F-BAC0-4F65-BC5A-24C82CB71116}.Release|Any CPU.ActiveCfg = Release|Any CPU
		{2048BC8F-BAC0-4F65-BC5A-24C82CB71116}.Release|Any CPU.Build.0 = Release|Any CPU
	EndGlobalSection
	GlobalSection(SolutionProperties) = preSolution
		HideSolutionNode = FALSE
	EndGlobalSection
	GlobalSection(ExtensibilityGlobals) = postSolution
		SolutionGuid = {8CB099E2-9DD4-491F-A132-90FD94EC07D5}
	EndGlobalSection
EndGlobal
